{
  "nodes": {
    "nixpkgs": {
      "locked": {
        "lastModified": 1614124008,
        "narHash": "sha256-yFHLr1pUW0BT0tMpYrKYXlkfErjjYKmJG/W9qnNc0T0=",
        "owner": "NixOS",
        "repo": "nixpkgs",
        "rev": "721312288f7001215a0d482579cd013dec397d16",
        "type": "github"
      },
      "original": {
        "owner": "NixOS",
        "ref": "nixos-20.09",
        "repo": "nixpkgs",
        "type": "github"
      }
    },
    "root": {
      "inputs": {
        "nixpkgs": "nixpkgs"
      }
    }
  },
  "root": "root",
  "version": 7
}
